
Microsoft Visual Studio Solution File, Format Version 12.00
# Visual Studio Version 16
VisualStudioVersion = 16.0.31112.23
MinimumVisualStudioVersion = 10.0.40219.1
Project("{2150E333-8FDC-42A3-9474-1A3956D46DE8}") = "Sample", "Sample", "{77126D97-021F-4239-A50B-3D80F145F3EC}"
EndProject
Project("{FAE04EC0-301F-11D3-BF4B-00C04F79EFBC}") = "EzRabbitMQ", "Src\EzRabbitMQ\EzRabbitMQ.csproj", "{C7852DAC-9C55-48FB-B452-DA31030BA956}"
EndProject
Project("{FAE04EC0-301F-11D3-BF4B-00C04F79EFBC}") = "EzRabbitMQ.Tests", "Src\Tests\EzRabbitMQ.Tests\EzRabbitMQ.Tests.csproj", "{EF252BCC-010D-484D-8DAF-3A8C96C974EE}"
EndProject
Project("{FAE04EC0-301F-11D3-BF4B-00C04F79EFBC}") = "Benchmark", "Src\Benchmark\Benchmark.csproj", "{FFDB58CD-1574-46B1-B728-10704CEEBD9D}"
EndProject
Project("{FAE04EC0-301F-11D3-BF4B-00C04F79EFBC}") = "ConsoleApp", "Src\Sample\ConsoleApp\ConsoleApp.csproj", "{412A3A4D-2A4F-497B-A3D2-99F60578C0E5}"
EndProject
Global
	GlobalSection(SolutionConfigurationPlatforms) = preSolution
		Debug|Any CPU = Debug|Any CPU
		Release|Any CPU = Release|Any CPU
	EndGlobalSection
	GlobalSection(ProjectConfigurationPlatforms) = postSolution
		{C7852DAC-9C55-48FB-B452-DA31030BA956}.Debug|Any CPU.ActiveCfg = Debug|Any CPU
		{C7852DAC-9C55-48FB-B452-DA31030BA956}.Debug|Any CPU.Build.0 = Debug|Any CPU
		{C7852DAC-9C55-48FB-B452-DA31030BA956}.Release|Any CPU.ActiveCfg = Release|Any CPU
		{C7852DAC-9C55-48FB-B452-DA31030BA956}.Release|Any CPU.Build.0 = Release|Any CPU
		{EF252BCC-010D-484D-8DAF-3A8C96C974EE}.Debug|Any CPU.ActiveCfg = Debug|Any CPU
		{EF252BCC-010D-484D-8DAF-3A8C96C974EE}.Debug|Any CPU.Build.0 = Debug|Any CPU
		{EF252BCC-010D-484D-8DAF-3A8C96C974EE}.Release|Any CPU.ActiveCfg = Release|Any CPU
		{EF252BCC-010D-484D-8DAF-3A8C96C974EE}.Release|Any CPU.Build.0 = Release|Any CPU
		{FFDB58CD-1574-46B1-B728-10704CEEBD9D}.Debug|Any CPU.ActiveCfg = Debug|Any CPU
		{FFDB58CD-1574-46B1-B728-10704CEEBD9D}.Debug|Any CPU.Build.0 = Debug|Any CPU
		{FFDB58CD-1574-46B1-B728-10704CEEBD9D}.Release|Any CPU.ActiveCfg = Release|Any CPU
		{FFDB58CD-1574-46B1-B728-10704CEEBD9D}.Release|Any CPU.Build.0 = Release|Any CPU
		{412A3A4D-2A4F-497B-A3D2-99F60578C0E5}.Debug|Any CPU.ActiveCfg = Debug|Any CPU
		{412A3A4D-2A4F-497B-A3D2-99F60578C0E5}.Debug|Any CPU.Build.0 = Debug|Any CPU
		{412A3A4D-2A4F-497B-A3D2-99F60578C0E5}.Release|Any CPU.ActiveCfg = Release|Any CPU
		{412A3A4D-2A4F-497B-A3D2-99F60578C0E5}.Release|Any CPU.Build.0 = Release|Any CPU
	EndGlobalSection
	GlobalSection(SolutionProperties) = preSolution
		HideSolutionNode = FALSE
	EndGlobalSection
	GlobalSection(NestedProjects) = preSolution
		{412A3A4D-2A4F-497B-A3D2-99F60578C0E5} = {77126D97-021F-4239-A50B-3D80F145F3EC}
	EndGlobalSection
	GlobalSection(ExtensibilityGlobals) = postSolution
		SolutionGuid = {C4159B12-104F-4953-9343-0C91FF5A1BC6}
	EndGlobalSection
	GlobalSection(RiderSharedRunConfigurations) = postSolution
		File = Sample.run\Sample.run.xml
	EndGlobalSection
EndGlobal
